
Microsoft Visual Studio Solution File, Format Version 12.00
# Visual Studio Version 17
VisualStudioVersion = 17.5.33516.290
MinimumVisualStudioVersion = 10.0.40219.1
Project("{FAE04EC0-301F-11D3-BF4B-00C04F79EFBC}") = "Updater", "Updater.csproj", "{D2DFE11F-E491-4562-A416-1BB0999457AB}"
EndProject
Global
	GlobalSection(SolutionConfigurationPlatforms) = preSolution
		Debug|Any CPU = Debug|Any CPU
		Release|Any CPU = Release|Any CPU
	EndGlobalSection
	GlobalSection(ProjectConfigurationPlatforms) = postSolution
		{D2DFE11F-E491-4562-A416-1BB0999457AB}.Debug|Any CPU.ActiveCfg = Debug|Any CPU
		{D2DFE11F-E491-4562-A416-1BB0999457AB}.Debug|Any CPU.Build.0 = Debug|Any CPU
		{D2DFE11F-E491-4562-A416-1BB0999457AB}.Release|Any CPU.ActiveCfg = Release|Any CPU
		{D2DFE11F-E491-4562-A416-1BB0999457AB}.Release|Any CPU.Build.0 = Release|Any CPU
	EndGlobalSection
	GlobalSection(SolutionProperties) = preSolution
		HideSolutionNode = FALSE
	EndGlobalSection
	GlobalSection(ExtensibilityGlobals) = postSolution
		SolutionGuid = {7F8B7AC1-2097-49C1-8173-81B49E24BB56}
	EndGlobalSection
EndGlobal
